<?xml version="1.0" encoding="utf-8"?>
<Project ToolsVersion="4.0" xmlns="http://schemas.microsoft.com/developer/msbuild/2003">
  <ItemGroup>
    <Filter Include="Source Files">
      <UniqueIdentifier>{4FC737F1-C7A5-4376-A066-2A32D752A2FF}</UniqueIdentifier>
      <Extensions>cpp;c;cc;cxx;def;odl;idl;hpj;bat;asm;asmx</Extensions>
    </Filter>
    <Filter Include="Header Files">
      <UniqueIdentifier>{93995380-89BD-4b04-88EB-625FBE52EBFB}</UniqueIdentifier>
      <Extensions>h;hpp;hxx;hm;inl;inc;xsd</Extensions>
    </Filter>
    <Filter Include="Resource Files">
      <UniqueIdentifier>{67DA6AB6-F800-4c08-8B7A-83BB121AAD01}</UniqueIdentifier>
      <Extensions>rc;ico;cur;bmp;dlg;rc2;rct;bin;rgs;gif;jpg;jpeg;jpe;resx;tiff;tif;png;wav;mfcribbon-ms</Extensions>
    </Filter>
  </ItemGroup>
  <ItemGroup>
    <ClInclude Include="SALTrans.h">
      <Filter>Header Files</Filter>
    </ClInclude>
    <ClInclude Include="Stdafx.h">
      <Filter>Header Files</Filter>
    </ClInclude>
    <ClInclude Include="resource.h">
      <Filter>Header Files</Filter>
    </ClInclude>
    <ClInclude Include="Translator.h">
      <Filter>Header Files</Filter>
    </ClInclude>
    <ClInclude Include="CNList.h">
      <Filter>Header Files</Filter>
    </ClInclude>
    <ClInclude Include="GSEMethod.h">
      <Filter>Header Files</Filter>
    </ClInclude>
    <ClInclude Include="NList.h">
      <Filter>Header Files</Filter>
    </ClInclude>
    <ClInclude Include="NMap.h">
      <Filter>Header Files</Filter>
    </ClInclude>
    <ClInclude Include="NPosition.h">
      <Filter>Header Files</Filter>
    </ClInclude>
    <ClInclude Include="NString.h">
      <Filter>Header Files</Filter>
    </ClInclude>
    <ClInclude Include="targetver.h">
      <Filter>Header Files</Filter>
    </ClInclude>
    <ClInclude Include="TranslateAtomicBlock.h">
      <Filter>Header Files</Filter>
    </ClInclude>
    <ClInclude Include="TranslateException.h">
      <Filter>Header Files</Filter>
    </ClInclude>
    <ClInclude Include="TranslateMain.h">
      <Filter>Header Files</Filter>
    </ClInclude>
    <ClInclude Include="TranslateNode.h">
      <Filter>Header Files</Filter>
    </ClInclude>
    <ClInclude Include="TranslateParsingMethods.h">
      <Filter>Header Files</Filter>
    </ClInclude>
    <ClInclude Include="TranslateParsingRule.h">
      <Filter>Header Files</Filter>
    </ClInclude>
    <ClInclude Include="TranslateRuleAltBranching.h">
      <Filter>Header Files</Filter>
    </ClInclude>
    <ClInclude Include="TranslateRuleConBranching.h">
      <Filter>Header Files</Filter>
    </ClInclude>
    <ClInclude Include="TranslateRuleInternal.h">
      <Filter>Header Files</Filter>
    </ClInclude>
    <ClInclude Include="TranslateRuleMacro.h">
      <Filter>Header Files</Filter>
    </ClInclude>
    <ClInclude Include="TranslateRuleReversion.h">
      <Filter>Header Files</Filter>
    </ClInclude>
    <ClInclude Include="TranslateRuleSelConjunct.h">
      <Filter>Header Files</Filter>
    </ClInclude>
    <ClInclude Include="TranslateRuleSelDisjunct.h">
      <Filter>Header Files</Filter>
    </ClInclude>
    <ClInclude Include="TranslateRuleSequential.h">
      <Filter>Header Files</Filter>
    </ClInclude>
    <ClInclude Include="TranslateRuleThreadKill.h">
      <Filter>Header Files</Filter>
    </ClInclude>
    <ClInclude Include="TranslateSALMain.h">
      <Filter>Header Files</Filter>
    </ClInclude>
    <ClInclude Include="TranslateSetAdd.h">
      <Filter>Header Files</Filter>
    </ClInclude>
    <ClInclude Include="TranslateSetCardinality.h">
      <Filter>Header Files</Filter>
    </ClInclude>
    <ClInclude Include="TranslateSetDifference.h">
      <Filter>Header Files</Filter>
    </ClInclude>
    <ClInclude Include="TranslateSetEmpty.h">
      <Filter>Header Files</Filter>
    </ClInclude>
    <ClInclude Include="TranslateSetIntersection.h">
      <Filter>Header Files</Filter>
    </ClInclude>
    <ClInclude Include="TranslateSetMember.h">
      <Filter>Header Files</Filter>
    </ClInclude>
    <ClInclude Include="TranslateSetSubset.h">
      <Filter>Header Files</Filter>
    </ClInclude>
    <ClInclude Include="TranslateSetSubtract.h">
      <Filter>Header Files</Filter>
    </ClInclude>
    <ClInclude Include="TranslateSetUnion.h">
      <Filter>Header Files</Filter>
    </ClInclude>
    <ClInclude Include="TranslateStep.h">
      <Filter>Header Files</Filter>
    </ClInclude>
  </ItemGroup>
  <ItemGroup>
    <ClCompile Include="SALTrans.cpp">
      <Filter>Source Files</Filter>
    </ClCompile>
    <ClCompile Include="AssemblyInfo.cpp">
      <Filter>Source Files</Filter>
    </ClCompile>
    <ClCompile Include="Stdafx.cpp">
      <Filter>Source Files</Filter>
    </ClCompile>
    <ClCompile Include="Translator.cpp">
      <Filter>Source Files</Filter>
    </ClCompile>
    <ClCompile Include="NPosition.cpp">
      <Filter>Source Files</Filter>
    </ClCompile>
    <ClCompile Include="NString.cpp">
      <Filter>Source Files</Filter>
    </ClCompile>
    <ClCompile Include="TranslateAtomicBlock.cpp">
      <Filter>Source Files</Filter>
    </ClCompile>
    <ClCompile Include="TranslateException.cpp">
      <Filter>Source Files</Filter>
    </ClCompile>
    <ClCompile Include="TranslateMain.cpp">
      <Filter>Source Files</Filter>
    </ClCompile>
    <ClCompile Include="TranslateNode.cpp">
      <Filter>Source Files</Filter>
    </ClCompile>
    <ClCompile Include="TranslateParsingMethods.cpp">
      <Filter>Source Files</Filter>
    </ClCompile>
    <ClCompile Include="TranslateParsingRule.cpp">
      <Filter>Source Files</Filter>
    </ClCompile>
    <ClCompile Include="TranslateRuleAltBranching.cpp">
      <Filter>Source Files</Filter>
    </ClCompile>
    <ClCompile Include="TranslateRuleConBranching.cpp">
      <Filter>Source Files</Filter>
    </ClCompile>
    <ClCompile Include="TranslateRuleInternal.cpp">
      <Filter>Source Files</Filter>
    </ClCompile>
    <ClCompile Include="TranslateRuleMacro.cpp">
      <Filter>Source Files</Filter>
    </ClCompile>
    <ClCompile Include="TranslateRuleReversion.cpp">
      <Filter>Source Files</Filter>
    </ClCompile>
    <ClCompile Include="TranslateRuleSelConjunct.cpp">
      <Filter>Source Files</Filter>
    </ClCompile>
    <ClCompile Include="TranslateRuleSelDisjunct.cpp">
      <Filter>Source Files</Filter>
    </ClCompile>
    <ClCompile Include="TranslateRuleSequential.cpp">
      <Filter>Source Files</Filter>
    </ClCompile>
    <ClCompile Include="TranslateRuleThreadKill.cpp">
      <Filter>Source Files</Filter>
    </ClCompile>
    <ClCompile Include="TranslateSALMain.cpp">
      <Filter>Source Files</Filter>
    </ClCompile>
    <ClCompile Include="TranslateSetAdd.cpp">
      <Filter>Source Files</Filter>
    </ClCompile>
    <ClCompile Include="TranslateSetCardinality.cpp">
      <Filter>Source Files</Filter>
    </ClCompile>
    <ClCompile Include="TranslateSetDifference.cpp">
      <Filter>Source Files</Filter>
    </ClCompile>
    <ClCompile Include="TranslateSetEmpty.cpp">
      <Filter>Source Files</Filter>
    </ClCompile>
    <ClCompile Include="TranslateSetIntersection.cpp">
      <Filter>Source Files</Filter>
    </ClCompile>
    <ClCompile Include="TranslateSetMember.cpp">
      <Filter>Source Files</Filter>
    </ClCompile>
    <ClCompile Include="TranslateSetSubset.cpp">
      <Filter>Source Files</Filter>
    </ClCompile>
    <ClCompile Include="TranslateSetSubtract.cpp">
      <Filter>Source Files</Filter>
    </ClCompile>
    <ClCompile Include="TranslateSetUnion.cpp">
      <Filter>Source Files</Filter>
    </ClCompile>
    <ClCompile Include="TranslateStep.cpp">
      <Filter>Source Files</Filter>
    </ClCompile>
  </ItemGroup>
  <ItemGroup>
    <None Include="ReadMe.txt" />
    <None Include="app.ico">
      <Filter>Resource Files</Filter>
    </None>
  </ItemGroup>
  <ItemGroup>
    <ResourceCompile Include="app.rc">
      <Filter>Resource Files</Filter>
    </ResourceCompile>
  </ItemGroup>
</Project>